
Microsoft Visual Studio Solution File, Format Version 12.00
# Visual Studio Version 17
VisualStudioVersion = 17.8.34601.278
MinimumVisualStudioVersion = 10.0.40219.1
Project("{FAE04EC0-301F-11D3-BF4B-00C04F79EFBC}") = "Test", "Test\Test.csproj", "{7DDB76EA-AE86-47E6-8FB5-4D59CE236AD7}"
EndProject
Global
	GlobalSection(SolutionConfigurationPlatforms) = preSolution
		Debug|Any CPU = Debug|Any CPU
		Release|Any CPU = Release|Any CPU
	EndGlobalSection
	GlobalSection(ProjectConfigurationPlatforms) = postSolution
		{7DDB76EA-AE86-47E6-8FB5-4D59CE236AD7}.Debug|Any CPU.ActiveCfg = Debug|Any CPU
		{7DDB76EA-AE86-47E6-8FB5-4D59CE236AD7}.Debug|Any CPU.Build.0 = Debug|Any CPU
		{7DDB76EA-AE86-47E6-8FB5-4D59CE236AD7}.Release|Any CPU.ActiveCfg = Release|Any CPU
		{7DDB76EA-AE86-47E6-8FB5-4D59CE236AD7}.Release|Any CPU.Build.0 = Release|Any CPU
	EndGlobalSection
	GlobalSection(SolutionProperties) = preSolution
		HideSolutionNode = FALSE
	EndGlobalSection
	GlobalSection(ExtensibilityGlobals) = postSolution
		SolutionGuid = {C204FF5C-FA4F-4869-A11C-3044E384E43B}
	EndGlobalSection
EndGlobal
